
Microsoft Visual Studio Solution File, Format Version 12.00
# Visual Studio 15
VisualStudioVersion = 15.0.27703.1
MinimumVisualStudioVersion = 10.0.40219.1
Project("{FAE04EC0-301F-11D3-BF4B-00C04F79EFBC}") = "SOW.Automation.Driver.Selenium", "SOW.Automation.Driver.Selenium\SOW.Automation.Driver.Selenium.csproj", "{F2A28734-6877-4494-872B-D095BE519DE5}"
EndProject
Project("{FAE04EC0-301F-11D3-BF4B-00C04F79EFBC}") = "SOW.Automation.Common", "SOW.Automation.Common\SOW.Automation.Common.csproj", "{05CA1DEC-B508-4455-AD76-163EE4274303}"
EndProject
Project("{FAE04EC0-301F-11D3-BF4B-00C04F79EFBC}") = "SOW.Automation.Robot.DHL", "SOW.Automation.RobotGmailTest\SOW.Automation.Robot.DHL.csproj", "{A80E9D76-D5F9-4D64-A89C-BA62F09DB6C1}"
EndProject
Project("{FAE04EC0-301F-11D3-BF4B-00C04F79EFBC}") = "SOW.Automation.Service.MondelezAra", "SOW.Automation.Service.MondelezAra\SOW.Automation.Service.MondelezAra.csproj", "{ECD50E6E-77FB-459D-9374-595BEE55B4A6}"
EndProject
Project("{FAE04EC0-301F-11D3-BF4B-00C04F79EFBC}") = "SOW.Automation.Interface.MondelezAra", "SOW.Automation.Interface.MondelezAra\SOW.Automation.Interface.MondelezAra.csproj", "{BC70EF06-4891-4E67-89DF-A523B62AAF03}"
EndProject
Project("{FAE04EC0-301F-11D3-BF4B-00C04F79EFBC}") = "SOW.Automation.Driver.TestStack", "SOW.Automation.Driver.TestStack\SOW.Automation.Driver.TestStack.csproj", "{773C6F84-76D6-4A13-9907-C60EC301000D}"
EndProject
Global
	GlobalSection(SolutionConfigurationPlatforms) = preSolution
		Debug|Any CPU = Debug|Any CPU
		Release|Any CPU = Release|Any CPU
	EndGlobalSection
	GlobalSection(ProjectConfigurationPlatforms) = postSolution
		{F2A28734-6877-4494-872B-D095BE519DE5}.Debug|Any CPU.ActiveCfg = Debug|Any CPU
		{F2A28734-6877-4494-872B-D095BE519DE5}.Debug|Any CPU.Build.0 = Debug|Any CPU
		{F2A28734-6877-4494-872B-D095BE519DE5}.Release|Any CPU.ActiveCfg = Release|Any CPU
		{F2A28734-6877-4494-872B-D095BE519DE5}.Release|Any CPU.Build.0 = Release|Any CPU
		{05CA1DEC-B508-4455-AD76-163EE4274303}.Debug|Any CPU.ActiveCfg = Debug|Any CPU
		{05CA1DEC-B508-4455-AD76-163EE4274303}.Debug|Any CPU.Build.0 = Debug|Any CPU
		{05CA1DEC-B508-4455-AD76-163EE4274303}.Release|Any CPU.ActiveCfg = Release|Any CPU
		{05CA1DEC-B508-4455-AD76-163EE4274303}.Release|Any CPU.Build.0 = Release|Any CPU
		{A80E9D76-D5F9-4D64-A89C-BA62F09DB6C1}.Debug|Any CPU.ActiveCfg = Debug|Any CPU
		{A80E9D76-D5F9-4D64-A89C-BA62F09DB6C1}.Debug|Any CPU.Build.0 = Debug|Any CPU
		{A80E9D76-D5F9-4D64-A89C-BA62F09DB6C1}.Release|Any CPU.ActiveCfg = Release|Any CPU
		{A80E9D76-D5F9-4D64-A89C-BA62F09DB6C1}.Release|Any CPU.Build.0 = Release|Any CPU
		{ECD50E6E-77FB-459D-9374-595BEE55B4A6}.Debug|Any CPU.ActiveCfg = Debug|Any CPU
		{ECD50E6E-77FB-459D-9374-595BEE55B4A6}.Debug|Any CPU.Build.0 = Debug|Any CPU
		{ECD50E6E-77FB-459D-9374-595BEE55B4A6}.Release|Any CPU.ActiveCfg = Release|Any CPU
		{ECD50E6E-77FB-459D-9374-595BEE55B4A6}.Release|Any CPU.Build.0 = Release|Any CPU
		{BC70EF06-4891-4E67-89DF-A523B62AAF03}.Debug|Any CPU.ActiveCfg = Debug|Any CPU
		{BC70EF06-4891-4E67-89DF-A523B62AAF03}.Debug|Any CPU.Build.0 = Debug|Any CPU
		{BC70EF06-4891-4E67-89DF-A523B62AAF03}.Release|Any CPU.ActiveCfg = Release|Any CPU
		{BC70EF06-4891-4E67-89DF-A523B62AAF03}.Release|Any CPU.Build.0 = Release|Any CPU
		{773C6F84-76D6-4A13-9907-C60EC301000D}.Debug|Any CPU.ActiveCfg = Debug|Any CPU
		{773C6F84-76D6-4A13-9907-C60EC301000D}.Debug|Any CPU.Build.0 = Debug|Any CPU
		{773C6F84-76D6-4A13-9907-C60EC301000D}.Release|Any CPU.ActiveCfg = Release|Any CPU
		{773C6F84-76D6-4A13-9907-C60EC301000D}.Release|Any CPU.Build.0 = Release|Any CPU
	EndGlobalSection
	GlobalSection(SolutionProperties) = preSolution
		HideSolutionNode = FALSE
	EndGlobalSection
	GlobalSection(ExtensibilityGlobals) = postSolution
		SolutionGuid = {AB545B8B-DE58-4D3B-A5C4-CEE0CD7994FC}
	EndGlobalSection
EndGlobal
