
Microsoft Visual Studio Solution File, Format Version 12.00
# Visual Studio 15
VisualStudioVersion = 15.0.28010.2041
MinimumVisualStudioVersion = 10.0.40219.1
Project("{9A19103F-16F7-4668-BE54-9A1E7A4F7556}") = "Sow.Interfaces.AdminWAPP.WebApi", "Sow.Interfaces.AdminWAPP.WebApi\Sow.Interfaces.AdminWAPP.WebApi.csproj", "{F484ADE3-C4AD-48A7-B978-28C1F0E4B021}"
EndProject
Project("{9A19103F-16F7-4668-BE54-9A1E7A4F7556}") = "Sow.Interfaces.AdminWAPP.Domain", "Sow.Interfaces.AdminWAPP.Domain\Sow.Interfaces.AdminWAPP.Domain.csproj", "{AA8F191D-F70E-40BC-8F57-C74D013AF37F}"
EndProject
Project("{FAE04EC0-301F-11D3-BF4B-00C04F79EFBC}") = "Sow.Interfaces.AdminWAPP.Web", "Sow.Interfaces.AdminWAPP.Web\Sow.Interfaces.AdminWAPP.Web.csproj", "{67F47C4C-E3D2-4242-ABC5-9C93AA5409C8}"
EndProject
Global
	GlobalSection(SolutionConfigurationPlatforms) = preSolution
		Debug|Any CPU = Debug|Any CPU
		Release|Any CPU = Release|Any CPU
	EndGlobalSection
	GlobalSection(ProjectConfigurationPlatforms) = postSolution
		{F484ADE3-C4AD-48A7-B978-28C1F0E4B021}.Debug|Any CPU.ActiveCfg = Debug|Any CPU
		{F484ADE3-C4AD-48A7-B978-28C1F0E4B021}.Debug|Any CPU.Build.0 = Debug|Any CPU
		{F484ADE3-C4AD-48A7-B978-28C1F0E4B021}.Release|Any CPU.ActiveCfg = Release|Any CPU
		{F484ADE3-C4AD-48A7-B978-28C1F0E4B021}.Release|Any CPU.Build.0 = Release|Any CPU
		{AA8F191D-F70E-40BC-8F57-C74D013AF37F}.Debug|Any CPU.ActiveCfg = Debug|Any CPU
		{AA8F191D-F70E-40BC-8F57-C74D013AF37F}.Debug|Any CPU.Build.0 = Debug|Any CPU
		{AA8F191D-F70E-40BC-8F57-C74D013AF37F}.Release|Any CPU.ActiveCfg = Release|Any CPU
		{AA8F191D-F70E-40BC-8F57-C74D013AF37F}.Release|Any CPU.Build.0 = Release|Any CPU
		{67F47C4C-E3D2-4242-ABC5-9C93AA5409C8}.Debug|Any CPU.ActiveCfg = Debug|Any CPU
		{67F47C4C-E3D2-4242-ABC5-9C93AA5409C8}.Debug|Any CPU.Build.0 = Debug|Any CPU
		{67F47C4C-E3D2-4242-ABC5-9C93AA5409C8}.Release|Any CPU.ActiveCfg = Release|Any CPU
		{67F47C4C-E3D2-4242-ABC5-9C93AA5409C8}.Release|Any CPU.Build.0 = Release|Any CPU
	EndGlobalSection
	GlobalSection(SolutionProperties) = preSolution
		HideSolutionNode = FALSE
	EndGlobalSection
	GlobalSection(ExtensibilityGlobals) = postSolution
		SolutionGuid = {AD69795E-0B16-4CAC-94DE-1C0B2BF4E3AA}
	EndGlobalSection
EndGlobal
